
Microsoft Visual Studio Solution File, Format Version 12.00
# Visual Studio Version 17
VisualStudioVersion = 17.5.33502.453
MinimumVisualStudioVersion = 10.0.40219.1
Project("{FAE04EC0-301F-11D3-BF4B-00C04F79EFBC}") = "NdiayeShop", "NdiayeShop\NdiayeShop.csproj", "{DC1DF574-E7A6-40DD-BBC9-D80B85E70E3B}"
EndProject
Global
	GlobalSection(SolutionConfigurationPlatforms) = preSolution
		Debug|Any CPU = Debug|Any CPU
		Release|Any CPU = Release|Any CPU
	EndGlobalSection
	GlobalSection(ProjectConfigurationPlatforms) = postSolution
		{DC1DF574-E7A6-40DD-BBC9-D80B85E70E3B}.Debug|Any CPU.ActiveCfg = Debug|Any CPU
		{DC1DF574-E7A6-40DD-BBC9-D80B85E70E3B}.Debug|Any CPU.Build.0 = Debug|Any CPU
		{DC1DF574-E7A6-40DD-BBC9-D80B85E70E3B}.Release|Any CPU.ActiveCfg = Release|Any CPU
		{DC1DF574-E7A6-40DD-BBC9-D80B85E70E3B}.Release|Any CPU.Build.0 = Release|Any CPU
	EndGlobalSection
	GlobalSection(SolutionProperties) = preSolution
		HideSolutionNode = FALSE
	EndGlobalSection
	GlobalSection(ExtensibilityGlobals) = postSolution
		SolutionGuid = {9BDB254B-6646-4BEB-827B-C65ED3720225}
	EndGlobalSection
EndGlobal
